
Microsoft Visual Studio Solution File, Format Version 12.00
# Visual Studio Version 17
VisualStudioVersion = 17.4.33110.190
MinimumVisualStudioVersion = 10.0.40219.1
Project("{FAE04EC0-301F-11D3-BF4B-00C04F79EFBC}") = "RPEManager", "RPEManager\RPEManager.csproj", "{BC877D1B-CA0F-4088-AF31-3BB0FBBA18C4}"
EndProject
Global
	GlobalSection(SolutionConfigurationPlatforms) = preSolution
		Debug|Any CPU = Debug|Any CPU
		Release|Any CPU = Release|Any CPU
	EndGlobalSection
	GlobalSection(ProjectConfigurationPlatforms) = postSolution
		{BC877D1B-CA0F-4088-AF31-3BB0FBBA18C4}.Debug|Any CPU.ActiveCfg = Debug|Any CPU
		{BC877D1B-CA0F-4088-AF31-3BB0FBBA18C4}.Debug|Any CPU.Build.0 = Debug|Any CPU
		{BC877D1B-CA0F-4088-AF31-3BB0FBBA18C4}.Release|Any CPU.ActiveCfg = Release|Any CPU
		{BC877D1B-CA0F-4088-AF31-3BB0FBBA18C4}.Release|Any CPU.Build.0 = Release|Any CPU
	EndGlobalSection
	GlobalSection(SolutionProperties) = preSolution
		HideSolutionNode = FALSE
	EndGlobalSection
	GlobalSection(ExtensibilityGlobals) = postSolution
		SolutionGuid = {039DFED6-2A31-4629-A865-268540A752D3}
	EndGlobalSection
EndGlobal
